
Microsoft Visual Studio Solution File, Format Version 12.00
# Visual Studio Version 16
VisualStudioVersion = 16.0.34902.97
MinimumVisualStudioVersion = 10.0.40219.1
Project("{8BC9CEB8-8B4A-11D0-8D11-00A0C91BC942}") = "ChatCpp", "ChatCpp\ChatCpp.vcxproj", "{915142EB-09AC-477D-BE52-5874EA657ED6}"
EndProject
Global
	GlobalSection(SolutionConfigurationPlatforms) = preSolution
		Debug|x64 = Debug|x64
		Debug|x86 = Debug|x86
		Release|x64 = Release|x64
		Release|x86 = Release|x86
	EndGlobalSection
	GlobalSection(ProjectConfigurationPlatforms) = postSolution
		{915142EB-09AC-477D-BE52-5874EA657ED6}.Debug|x64.ActiveCfg = Debug|x64
		{915142EB-09AC-477D-BE52-5874EA657ED6}.Debug|x64.Build.0 = Debug|x64
		{915142EB-09AC-477D-BE52-5874EA657ED6}.Debug|x86.ActiveCfg = Debug|Win32
		{915142EB-09AC-477D-BE52-5874EA657ED6}.Debug|x86.Build.0 = Debug|Win32
		{915142EB-09AC-477D-BE52-5874EA657ED6}.Release|x64.ActiveCfg = Release|x64
		{915142EB-09AC-477D-BE52-5874EA657ED6}.Release|x64.Build.0 = Release|x64
		{915142EB-09AC-477D-BE52-5874EA657ED6}.Release|x86.ActiveCfg = Release|Win32
		{915142EB-09AC-477D-BE52-5874EA657ED6}.Release|x86.Build.0 = Release|Win32
	EndGlobalSection
	GlobalSection(SolutionProperties) = preSolution
		HideSolutionNode = FALSE
	EndGlobalSection
	GlobalSection(ExtensibilityGlobals) = postSolution
		SolutionGuid = {1E2AF551-9C5D-43A3-BDD4-314220F2D9EA}
	EndGlobalSection
EndGlobal
